
Microsoft Visual Studio Solution File, Format Version 12.00
Project("{2150E333-8FDC-42A3-9474-1A3956D46DE8}") = "Services", "Services", "{921B34BE-6FD0-4B6A-8C3F-64D8A7A51449}"
EndProject
Project("{2150E333-8FDC-42A3-9474-1A3956D46DE8}") = "Product", "Product", "{6B1264E4-B32F-4F54-8C90-7AEB9E1D9D04}"
EndProject
Project("{2150E333-8FDC-42A3-9474-1A3956D46DE8}") = "Application", "Application", "{E4CC5CE6-B638-45A3-95F5-DEDF0CE74CE6}"
EndProject
Project("{2150E333-8FDC-42A3-9474-1A3956D46DE8}") = "Domain", "Domain", "{BB346858-1F9E-41E3-9B10-AE329A63FB0F}"
EndProject
Project("{2150E333-8FDC-42A3-9474-1A3956D46DE8}") = "Infrastructure", "Infrastructure", "{2D7387A5-9D4B-495C-B42B-A2A7B76E6335}"
EndProject
Project("{FAE04EC0-301F-11D3-BF4B-00C04F79EFBC}") = "Product.Application", "Product.Application\Product.Application.csproj", "{5066CED7-A7E7-4C36-A75C-524F15EBCB20}"
EndProject
Project("{FAE04EC0-301F-11D3-BF4B-00C04F79EFBC}") = "Product.Domain", "Product.Domain\Product.Domain.csproj", "{9310A05C-5259-4A1C-BDE6-F1B96E7252B5}"
EndProject
Project("{FAE04EC0-301F-11D3-BF4B-00C04F79EFBC}") = "Product.Infrastructure", "Product.Infrastructure\Product.Infrastructure.csproj", "{0BAB189E-455F-4898-93B5-2EA04141C947}"
EndProject
Project("{2150E333-8FDC-42A3-9474-1A3956D46DE8}") = "Customer", "Customer", "{108424F2-85CC-4CE1-AC8C-DA2FE32F8AB8}"
EndProject
Project("{2150E333-8FDC-42A3-9474-1A3956D46DE8}") = "API", "API", "{C48F33D6-2DC3-4FE3-81B3-55A3C3565659}"
EndProject
Project("{2150E333-8FDC-42A3-9474-1A3956D46DE8}") = "Domain", "Domain", "{5B81415D-19F7-420A-9050-D8458939128E}"
EndProject
Project("{2150E333-8FDC-42A3-9474-1A3956D46DE8}") = "Infrastructure", "Infrastructure", "{3E897515-BFEF-45D2-A056-6FAA26BBD7BC}"
EndProject
Project("{2150E333-8FDC-42A3-9474-1A3956D46DE8}") = "Application", "Application", "{FED3AA14-782C-41E1-856E-2FA80AA11AED}"
EndProject
Project("{2150E333-8FDC-42A3-9474-1A3956D46DE8}") = "API", "API", "{FE830113-5F80-439C-B63D-CB95EAFEB365}"
EndProject
Project("{FAE04EC0-301F-11D3-BF4B-00C04F79EFBC}") = "Product.API", "Product.API\Product.API.csproj", "{ED4D7526-ABAD-4D07-88F1-0A5030618A40}"
EndProject
Project("{FAE04EC0-301F-11D3-BF4B-00C04F79EFBC}") = "Customer.Infrastructure", "Customer.Infrastructure\Customer.Infrastructure.csproj", "{C61A2799-AF67-44C4-A0DA-4865A2C23BCF}"
EndProject
Project("{FAE04EC0-301F-11D3-BF4B-00C04F79EFBC}") = "Customer.Domain", "Customer.Domain\Customer.Domain.csproj", "{EE6C7ED8-F207-4235-BE4D-8C0FECFD4141}"
EndProject
Project("{FAE04EC0-301F-11D3-BF4B-00C04F79EFBC}") = "Customer.Application", "Customer.Application\Customer.Application.csproj", "{4B62CA38-FB58-41F2-B249-C80AB8628842}"
EndProject
Project("{FAE04EC0-301F-11D3-BF4B-00C04F79EFBC}") = "Customer.API", "Customer.API\Customer.API.csproj", "{92006868-3A98-41F9-A047-2B0DFC4B6311}"
EndProject
Project("{2150E333-8FDC-42A3-9474-1A3956D46DE8}") = "Order", "Order", "{0E1B8212-54AA-4311-8EB7-CF01F8368D51}"
EndProject
Project("{2150E333-8FDC-42A3-9474-1A3956D46DE8}") = "API", "API", "{1A806565-58AE-4148-A257-091502F633F3}"
EndProject
Project("{2150E333-8FDC-42A3-9474-1A3956D46DE8}") = "Application", "Application", "{D6C47ADF-6B55-42AB-B75F-DEE8DD77C2E8}"
EndProject
Project("{2150E333-8FDC-42A3-9474-1A3956D46DE8}") = "Domain", "Domain", "{A5A56A12-4147-4614-8192-F4CB41B1DE9C}"
EndProject
Project("{2150E333-8FDC-42A3-9474-1A3956D46DE8}") = "Infrastructure", "Infrastructure", "{D0197BB4-4F04-481E-A931-F8E9FB76DFCA}"
EndProject
Project("{FAE04EC0-301F-11D3-BF4B-00C04F79EFBC}") = "Order.API", "Order.API\Order.API.csproj", "{2983411E-01CD-4E34-8E02-7BCC84F1DE0A}"
EndProject
Project("{FAE04EC0-301F-11D3-BF4B-00C04F79EFBC}") = "Order.Application", "Order.Application\Order.Application.csproj", "{9E3065CB-BAFB-42AA-9DD7-F24DB568FF95}"
EndProject
Project("{FAE04EC0-301F-11D3-BF4B-00C04F79EFBC}") = "Order.Domain", "Order.Domain\Order.Domain.csproj", "{3298F31A-DF28-4265-B748-1F634B2EB3DF}"
EndProject
Project("{FAE04EC0-301F-11D3-BF4B-00C04F79EFBC}") = "Order.Infrastructure", "Order.Infrastructure\Order.Infrastructure.csproj", "{CE0984AD-567B-429D-BC1E-A64D9547D5EB}"
EndProject
Project("{2150E333-8FDC-42A3-9474-1A3956D46DE8}") = "Security", "Security", "{6D07DF4B-CDB6-4A44-B4D4-3C95B72AE559}"
EndProject
Project("{2150E333-8FDC-42A3-9474-1A3956D46DE8}") = "API", "API", "{914C9BEF-F8F5-42F7-9344-262DACD14A49}"
EndProject
Project("{2150E333-8FDC-42A3-9474-1A3956D46DE8}") = "Application", "Application", "{3C0029A2-332A-439D-8D7A-4BAD233191F0}"
EndProject
Project("{2150E333-8FDC-42A3-9474-1A3956D46DE8}") = "Domain", "Domain", "{A6D8965D-E225-4463-B3F0-6490F1BF0789}"
EndProject
Project("{2150E333-8FDC-42A3-9474-1A3956D46DE8}") = "Infrastructure", "Infrastructure", "{E276A618-8FB7-4DED-B754-8A3F2C0CE12D}"
EndProject
Project("{FAE04EC0-301F-11D3-BF4B-00C04F79EFBC}") = "Security.API", "Security.API\Security.API.csproj", "{9C23E028-A286-4E50-A095-A1DB642B73EA}"
EndProject
Project("{FAE04EC0-301F-11D3-BF4B-00C04F79EFBC}") = "Security.Application", "Security.Application\Security.Application.csproj", "{0F96AD8F-9817-4CDA-B926-C3069D0FF7D6}"
EndProject
Project("{FAE04EC0-301F-11D3-BF4B-00C04F79EFBC}") = "Security.Domain", "Security.Domain\Security.Domain.csproj", "{28E7B5BF-E862-4C53-ACDA-56F3A43411D1}"
EndProject
Project("{FAE04EC0-301F-11D3-BF4B-00C04F79EFBC}") = "Security.Infrastructure", "Security.Infrastructure\Security.Infrastructure.csproj", "{C2469AA5-3426-4B95-8B4D-E2FDA09D4FF6}"
EndProject
Global
	GlobalSection(SolutionConfigurationPlatforms) = preSolution
		Debug|Any CPU = Debug|Any CPU
		Release|Any CPU = Release|Any CPU
	EndGlobalSection
	GlobalSection(NestedProjects) = preSolution
		{6B1264E4-B32F-4F54-8C90-7AEB9E1D9D04} = {921B34BE-6FD0-4B6A-8C3F-64D8A7A51449}
		{E4CC5CE6-B638-45A3-95F5-DEDF0CE74CE6} = {6B1264E4-B32F-4F54-8C90-7AEB9E1D9D04}
		{BB346858-1F9E-41E3-9B10-AE329A63FB0F} = {6B1264E4-B32F-4F54-8C90-7AEB9E1D9D04}
		{2D7387A5-9D4B-495C-B42B-A2A7B76E6335} = {6B1264E4-B32F-4F54-8C90-7AEB9E1D9D04}
		{5066CED7-A7E7-4C36-A75C-524F15EBCB20} = {E4CC5CE6-B638-45A3-95F5-DEDF0CE74CE6}
		{9310A05C-5259-4A1C-BDE6-F1B96E7252B5} = {BB346858-1F9E-41E3-9B10-AE329A63FB0F}
		{0BAB189E-455F-4898-93B5-2EA04141C947} = {2D7387A5-9D4B-495C-B42B-A2A7B76E6335}
		{108424F2-85CC-4CE1-AC8C-DA2FE32F8AB8} = {921B34BE-6FD0-4B6A-8C3F-64D8A7A51449}
		{C48F33D6-2DC3-4FE3-81B3-55A3C3565659} = {108424F2-85CC-4CE1-AC8C-DA2FE32F8AB8}
		{5B81415D-19F7-420A-9050-D8458939128E} = {108424F2-85CC-4CE1-AC8C-DA2FE32F8AB8}
		{3E897515-BFEF-45D2-A056-6FAA26BBD7BC} = {108424F2-85CC-4CE1-AC8C-DA2FE32F8AB8}
		{FED3AA14-782C-41E1-856E-2FA80AA11AED} = {108424F2-85CC-4CE1-AC8C-DA2FE32F8AB8}
		{FE830113-5F80-439C-B63D-CB95EAFEB365} = {6B1264E4-B32F-4F54-8C90-7AEB9E1D9D04}
		{ED4D7526-ABAD-4D07-88F1-0A5030618A40} = {FE830113-5F80-439C-B63D-CB95EAFEB365}
		{C61A2799-AF67-44C4-A0DA-4865A2C23BCF} = {3E897515-BFEF-45D2-A056-6FAA26BBD7BC}
		{EE6C7ED8-F207-4235-BE4D-8C0FECFD4141} = {5B81415D-19F7-420A-9050-D8458939128E}
		{4B62CA38-FB58-41F2-B249-C80AB8628842} = {FED3AA14-782C-41E1-856E-2FA80AA11AED}
		{92006868-3A98-41F9-A047-2B0DFC4B6311} = {C48F33D6-2DC3-4FE3-81B3-55A3C3565659}
		{0E1B8212-54AA-4311-8EB7-CF01F8368D51} = {921B34BE-6FD0-4B6A-8C3F-64D8A7A51449}
		{1A806565-58AE-4148-A257-091502F633F3} = {0E1B8212-54AA-4311-8EB7-CF01F8368D51}
		{D6C47ADF-6B55-42AB-B75F-DEE8DD77C2E8} = {0E1B8212-54AA-4311-8EB7-CF01F8368D51}
		{A5A56A12-4147-4614-8192-F4CB41B1DE9C} = {0E1B8212-54AA-4311-8EB7-CF01F8368D51}
		{D0197BB4-4F04-481E-A931-F8E9FB76DFCA} = {0E1B8212-54AA-4311-8EB7-CF01F8368D51}
		{2983411E-01CD-4E34-8E02-7BCC84F1DE0A} = {1A806565-58AE-4148-A257-091502F633F3}
		{9E3065CB-BAFB-42AA-9DD7-F24DB568FF95} = {D6C47ADF-6B55-42AB-B75F-DEE8DD77C2E8}
		{3298F31A-DF28-4265-B748-1F634B2EB3DF} = {A5A56A12-4147-4614-8192-F4CB41B1DE9C}
		{CE0984AD-567B-429D-BC1E-A64D9547D5EB} = {D0197BB4-4F04-481E-A931-F8E9FB76DFCA}
		{6D07DF4B-CDB6-4A44-B4D4-3C95B72AE559} = {921B34BE-6FD0-4B6A-8C3F-64D8A7A51449}
		{914C9BEF-F8F5-42F7-9344-262DACD14A49} = {6D07DF4B-CDB6-4A44-B4D4-3C95B72AE559}
		{3C0029A2-332A-439D-8D7A-4BAD233191F0} = {6D07DF4B-CDB6-4A44-B4D4-3C95B72AE559}
		{A6D8965D-E225-4463-B3F0-6490F1BF0789} = {6D07DF4B-CDB6-4A44-B4D4-3C95B72AE559}
		{E276A618-8FB7-4DED-B754-8A3F2C0CE12D} = {6D07DF4B-CDB6-4A44-B4D4-3C95B72AE559}
		{9C23E028-A286-4E50-A095-A1DB642B73EA} = {914C9BEF-F8F5-42F7-9344-262DACD14A49}
		{0F96AD8F-9817-4CDA-B926-C3069D0FF7D6} = {3C0029A2-332A-439D-8D7A-4BAD233191F0}
		{28E7B5BF-E862-4C53-ACDA-56F3A43411D1} = {A6D8965D-E225-4463-B3F0-6490F1BF0789}
		{C2469AA5-3426-4B95-8B4D-E2FDA09D4FF6} = {E276A618-8FB7-4DED-B754-8A3F2C0CE12D}
	EndGlobalSection
	GlobalSection(ProjectConfigurationPlatforms) = postSolution
		{5066CED7-A7E7-4C36-A75C-524F15EBCB20}.Debug|Any CPU.ActiveCfg = Debug|Any CPU
		{5066CED7-A7E7-4C36-A75C-524F15EBCB20}.Debug|Any CPU.Build.0 = Debug|Any CPU
		{5066CED7-A7E7-4C36-A75C-524F15EBCB20}.Release|Any CPU.ActiveCfg = Release|Any CPU
		{5066CED7-A7E7-4C36-A75C-524F15EBCB20}.Release|Any CPU.Build.0 = Release|Any CPU
		{9310A05C-5259-4A1C-BDE6-F1B96E7252B5}.Debug|Any CPU.ActiveCfg = Debug|Any CPU
		{9310A05C-5259-4A1C-BDE6-F1B96E7252B5}.Debug|Any CPU.Build.0 = Debug|Any CPU
		{9310A05C-5259-4A1C-BDE6-F1B96E7252B5}.Release|Any CPU.ActiveCfg = Release|Any CPU
		{9310A05C-5259-4A1C-BDE6-F1B96E7252B5}.Release|Any CPU.Build.0 = Release|Any CPU
		{0BAB189E-455F-4898-93B5-2EA04141C947}.Debug|Any CPU.ActiveCfg = Debug|Any CPU
		{0BAB189E-455F-4898-93B5-2EA04141C947}.Debug|Any CPU.Build.0 = Debug|Any CPU
		{0BAB189E-455F-4898-93B5-2EA04141C947}.Release|Any CPU.ActiveCfg = Release|Any CPU
		{0BAB189E-455F-4898-93B5-2EA04141C947}.Release|Any CPU.Build.0 = Release|Any CPU
		{ED4D7526-ABAD-4D07-88F1-0A5030618A40}.Debug|Any CPU.ActiveCfg = Debug|Any CPU
		{ED4D7526-ABAD-4D07-88F1-0A5030618A40}.Debug|Any CPU.Build.0 = Debug|Any CPU
		{ED4D7526-ABAD-4D07-88F1-0A5030618A40}.Release|Any CPU.ActiveCfg = Release|Any CPU
		{ED4D7526-ABAD-4D07-88F1-0A5030618A40}.Release|Any CPU.Build.0 = Release|Any CPU
		{C61A2799-AF67-44C4-A0DA-4865A2C23BCF}.Debug|Any CPU.ActiveCfg = Debug|Any CPU
		{C61A2799-AF67-44C4-A0DA-4865A2C23BCF}.Debug|Any CPU.Build.0 = Debug|Any CPU
		{C61A2799-AF67-44C4-A0DA-4865A2C23BCF}.Release|Any CPU.ActiveCfg = Release|Any CPU
		{C61A2799-AF67-44C4-A0DA-4865A2C23BCF}.Release|Any CPU.Build.0 = Release|Any CPU
		{EE6C7ED8-F207-4235-BE4D-8C0FECFD4141}.Debug|Any CPU.ActiveCfg = Debug|Any CPU
		{EE6C7ED8-F207-4235-BE4D-8C0FECFD4141}.Debug|Any CPU.Build.0 = Debug|Any CPU
		{EE6C7ED8-F207-4235-BE4D-8C0FECFD4141}.Release|Any CPU.ActiveCfg = Release|Any CPU
		{EE6C7ED8-F207-4235-BE4D-8C0FECFD4141}.Release|Any CPU.Build.0 = Release|Any CPU
		{4B62CA38-FB58-41F2-B249-C80AB8628842}.Debug|Any CPU.ActiveCfg = Debug|Any CPU
		{4B62CA38-FB58-41F2-B249-C80AB8628842}.Debug|Any CPU.Build.0 = Debug|Any CPU
		{4B62CA38-FB58-41F2-B249-C80AB8628842}.Release|Any CPU.ActiveCfg = Release|Any CPU
		{4B62CA38-FB58-41F2-B249-C80AB8628842}.Release|Any CPU.Build.0 = Release|Any CPU
		{92006868-3A98-41F9-A047-2B0DFC4B6311}.Debug|Any CPU.ActiveCfg = Debug|Any CPU
		{92006868-3A98-41F9-A047-2B0DFC4B6311}.Debug|Any CPU.Build.0 = Debug|Any CPU
		{92006868-3A98-41F9-A047-2B0DFC4B6311}.Release|Any CPU.ActiveCfg = Release|Any CPU
		{92006868-3A98-41F9-A047-2B0DFC4B6311}.Release|Any CPU.Build.0 = Release|Any CPU
		{2983411E-01CD-4E34-8E02-7BCC84F1DE0A}.Debug|Any CPU.ActiveCfg = Debug|Any CPU
		{2983411E-01CD-4E34-8E02-7BCC84F1DE0A}.Debug|Any CPU.Build.0 = Debug|Any CPU
		{2983411E-01CD-4E34-8E02-7BCC84F1DE0A}.Release|Any CPU.ActiveCfg = Release|Any CPU
		{2983411E-01CD-4E34-8E02-7BCC84F1DE0A}.Release|Any CPU.Build.0 = Release|Any CPU
		{9E3065CB-BAFB-42AA-9DD7-F24DB568FF95}.Debug|Any CPU.ActiveCfg = Debug|Any CPU
		{9E3065CB-BAFB-42AA-9DD7-F24DB568FF95}.Debug|Any CPU.Build.0 = Debug|Any CPU
		{9E3065CB-BAFB-42AA-9DD7-F24DB568FF95}.Release|Any CPU.ActiveCfg = Release|Any CPU
		{9E3065CB-BAFB-42AA-9DD7-F24DB568FF95}.Release|Any CPU.Build.0 = Release|Any CPU
		{3298F31A-DF28-4265-B748-1F634B2EB3DF}.Debug|Any CPU.ActiveCfg = Debug|Any CPU
		{3298F31A-DF28-4265-B748-1F634B2EB3DF}.Debug|Any CPU.Build.0 = Debug|Any CPU
		{3298F31A-DF28-4265-B748-1F634B2EB3DF}.Release|Any CPU.ActiveCfg = Release|Any CPU
		{3298F31A-DF28-4265-B748-1F634B2EB3DF}.Release|Any CPU.Build.0 = Release|Any CPU
		{CE0984AD-567B-429D-BC1E-A64D9547D5EB}.Debug|Any CPU.ActiveCfg = Debug|Any CPU
		{CE0984AD-567B-429D-BC1E-A64D9547D5EB}.Debug|Any CPU.Build.0 = Debug|Any CPU
		{CE0984AD-567B-429D-BC1E-A64D9547D5EB}.Release|Any CPU.ActiveCfg = Release|Any CPU
		{CE0984AD-567B-429D-BC1E-A64D9547D5EB}.Release|Any CPU.Build.0 = Release|Any CPU
		{9C23E028-A286-4E50-A095-A1DB642B73EA}.Debug|Any CPU.ActiveCfg = Debug|Any CPU
		{9C23E028-A286-4E50-A095-A1DB642B73EA}.Debug|Any CPU.Build.0 = Debug|Any CPU
		{9C23E028-A286-4E50-A095-A1DB642B73EA}.Release|Any CPU.ActiveCfg = Release|Any CPU
		{9C23E028-A286-4E50-A095-A1DB642B73EA}.Release|Any CPU.Build.0 = Release|Any CPU
		{0F96AD8F-9817-4CDA-B926-C3069D0FF7D6}.Debug|Any CPU.ActiveCfg = Debug|Any CPU
		{0F96AD8F-9817-4CDA-B926-C3069D0FF7D6}.Debug|Any CPU.Build.0 = Debug|Any CPU
		{0F96AD8F-9817-4CDA-B926-C3069D0FF7D6}.Release|Any CPU.ActiveCfg = Release|Any CPU
		{0F96AD8F-9817-4CDA-B926-C3069D0FF7D6}.Release|Any CPU.Build.0 = Release|Any CPU
		{28E7B5BF-E862-4C53-ACDA-56F3A43411D1}.Debug|Any CPU.ActiveCfg = Debug|Any CPU
		{28E7B5BF-E862-4C53-ACDA-56F3A43411D1}.Debug|Any CPU.Build.0 = Debug|Any CPU
		{28E7B5BF-E862-4C53-ACDA-56F3A43411D1}.Release|Any CPU.ActiveCfg = Release|Any CPU
		{28E7B5BF-E862-4C53-ACDA-56F3A43411D1}.Release|Any CPU.Build.0 = Release|Any CPU
		{C2469AA5-3426-4B95-8B4D-E2FDA09D4FF6}.Debug|Any CPU.ActiveCfg = Debug|Any CPU
		{C2469AA5-3426-4B95-8B4D-E2FDA09D4FF6}.Debug|Any CPU.Build.0 = Debug|Any CPU
		{C2469AA5-3426-4B95-8B4D-E2FDA09D4FF6}.Release|Any CPU.ActiveCfg = Release|Any CPU
		{C2469AA5-3426-4B95-8B4D-E2FDA09D4FF6}.Release|Any CPU.Build.0 = Release|Any CPU
	EndGlobalSection
EndGlobal
